// !$*UTF8*$!
{
	archiveVersion = 1;
	classes = {
	};
	objectVersion = 46;
	objects = {

/* Begin PBXBuildFile section */
		934DBCFF1CC774B900E03F87 /* SkyFloatingLabelTextField.strings in Resources */ = {isa = PBXBuildFile; fileRef = 934DBD011CC774B900E03F87 /* SkyFloatingLabelTextField.strings */; };
		934DBD021CC775D300E03F87 /* SkyFloatingLabelTextField.strings in Resources */ = {isa = PBXBuildFile; fileRef = 934DBD011CC774B900E03F87 /* SkyFloatingLabelTextField.strings */; };
		F51232B21C7686F400FF32A6 /* IconTextField.swift in Sources */ = {isa = PBXBuildFile; fileRef = F51232B11C7686F400FF32A6 /* IconTextField.swift */; };
		F52638461C72886F0068D21A /* SkyFloatingLabelTextFieldWithIconTests.swift in Sources */ = {isa = PBXBuildFile; fileRef = F52638451C72886F0068D21A /* SkyFloatingLabelTextFieldWithIconTests.swift */; };
		F538420C1C3C2B3600409083 /* fontawesome-webfont.ttf in Resources */ = {isa = PBXBuildFile; fileRef = F538420B1C3C2B3600409083 /* fontawesome-webfont.ttf */; };
		F547D4AF1C3BEA900075A0C2 /* AppDelegate.swift in Sources */ = {isa = PBXBuildFile; fileRef = F547D4AE1C3BEA900075A0C2 /* AppDelegate.swift */; };
		F547D4B11C3BEA900075A0C2 /* ViewController.swift in Sources */ = {isa = PBXBuildFile; fileRef = F547D4B01C3BEA900075A0C2 /* ViewController.swift */; };
		F547D4B41C3BEA900075A0C2 /* Main.storyboard in Resources */ = {isa = PBXBuildFile; fileRef = F547D4B21C3BEA900075A0C2 /* Main.storyboard */; };
		F547D4B61C3BEA900075A0C2 /* Assets.xcassets in Resources */ = {isa = PBXBuildFile; fileRef = F547D4B51C3BEA900075A0C2 /* Assets.xcassets */; };
		F547D4B91C3BEA900075A0C2 /* LaunchScreen.storyboard in Resources */ = {isa = PBXBuildFile; fileRef = F547D4B71C3BEA900075A0C2 /* LaunchScreen.storyboard */; };
		F547D4CC1C3BEAF40075A0C2 /* ShowcaseExampleViewController.swift in Sources */ = {isa = PBXBuildFile; fileRef = F547D4BF1C3BEAF40075A0C2 /* ShowcaseExampleViewController.swift */; };
		F547D4CD1C3BEAF40075A0C2 /* SettingTextsViewController.swift in Sources */ = {isa = PBXBuildFile; fileRef = F547D4C11C3BEAF40075A0C2 /* SettingTextsViewController.swift */; };
		F547D4CE1C3BEAF40075A0C2 /* CustomizingColorsViewController.swift in Sources */ = {isa = PBXBuildFile; fileRef = F547D4C31C3BEAF40075A0C2 /* CustomizingColorsViewController.swift */; };
		F547D4CF1C3BEAF40075A0C2 /* SubclassingViewController.swift in Sources */ = {isa = PBXBuildFile; fileRef = F547D4C51C3BEAF40075A0C2 /* SubclassingViewController.swift */; };
		F547D4D01C3BEAF40075A0C2 /* ThemedTextField.swift in Sources */ = {isa = PBXBuildFile; fileRef = F547D4C61C3BEAF40075A0C2 /* ThemedTextField.swift */; };
		F547D4D11C3BEAF40075A0C2 /* CustomLayoutViewController.swift in Sources */ = {isa = PBXBuildFile; fileRef = F547D4C81C3BEAF40075A0C2 /* CustomLayoutViewController.swift */; };
		F547D4D31C3BEAF40075A0C2 /* DelegateMethodsViewController.swift in Sources */ = {isa = PBXBuildFile; fileRef = F547D4CB1C3BEAF40075A0C2 /* DelegateMethodsViewController.swift */; };
		F56289231C3BE3A20082D9A6 /* SkyFloatingLabelTextField.framework in Frameworks */ = {isa = PBXBuildFile; fileRef = F56289181C3BE3A20082D9A6 /* SkyFloatingLabelTextField.framework */; };
		F56289281C3BE3A20082D9A6 /* SkyFloatingLabelTextFieldTests.swift in Sources */ = {isa = PBXBuildFile; fileRef = F56289271C3BE3A20082D9A6 /* SkyFloatingLabelTextFieldTests.swift */; };
		F58DFE6F1C91D2C40023AA0F /* SkyFloatingLabelTextField.swift in Sources */ = {isa = PBXBuildFile; fileRef = F5B6E1021C8604C2003D4DB9 /* SkyFloatingLabelTextField.swift */; };
		F58DFE711C91D2C40023AA0F /* SkyFloatingLabelTextFieldWithIcon.swift in Sources */ = {isa = PBXBuildFile; fileRef = F5B6E1041C8604C2003D4DB9 /* SkyFloatingLabelTextFieldWithIcon.swift */; };
		F58DFE721C91D2C40023AA0F /* UITextField+fixCaretPosition.swift in Sources */ = {isa = PBXBuildFile; fileRef = F5B6E1051C8604C2003D4DB9 /* UITextField+fixCaretPosition.swift */; };
		F5B6E1061C8604C2003D4DB9 /* SkyFloatingLabelTextField.swift in Sources */ = {isa = PBXBuildFile; fileRef = F5B6E1021C8604C2003D4DB9 /* SkyFloatingLabelTextField.swift */; };
		F5B6E1081C8604C2003D4DB9 /* SkyFloatingLabelTextFieldWithIcon.swift in Sources */ = {isa = PBXBuildFile; fileRef = F5B6E1041C8604C2003D4DB9 /* SkyFloatingLabelTextFieldWithIcon.swift */; };
		F5B6E1091C8604C2003D4DB9 /* UITextField+fixCaretPosition.swift in Sources */ = {isa = PBXBuildFile; fileRef = F5B6E1051C8604C2003D4DB9 /* UITextField+fixCaretPosition.swift */; };
/* End PBXBuildFile section */

/* Begin PBXContainerItemProxy section */
		F56289241C3BE3A20082D9A6 /* PBXContainerItemProxy */ = {
			isa = PBXContainerItemProxy;
			containerPortal = F562890F1C3BE3A10082D9A6 /* Project object */;
			proxyType = 1;
			remoteGlobalIDString = F56289171C3BE3A20082D9A6;
			remoteInfo = SkyFloatingLabelTextField;
		};
/* End PBXContainerItemProxy section */

/* Begin PBXFileReference section */
		934DBCFB1CC76D4600E03F87 /* he */ = {isa = PBXFileReference; lastKnownFileType = text.plist.strings; name = he; path = he.lproj/Main.strings; sourceTree = "<group>"; };
		934DBCFC1CC76D4600E03F87 /* he */ = {isa = PBXFileReference; lastKnownFileType = text.plist.strings; name = he; path = he.lproj/LaunchScreen.strings; sourceTree = "<group>"; };
		934DBD001CC774B900E03F87 /* Base */ = {isa = PBXFileReference; lastKnownFileType = text.plist.strings; name = Base; path = Base.lproj/SkyFloatingLabelTextField.strings; sourceTree = "<group>"; };
		934DBD031CC775D700E03F87 /* he */ = {isa = PBXFileReference; lastKnownFileType = text.plist.strings; name = he; path = he.lproj/SkyFloatingLabelTextField.strings; sourceTree = "<group>"; };
		F51232B11C7686F400FF32A6 /* IconTextField.swift */ = {isa = PBXFileReference; fileEncoding = 4; lastKnownFileType = sourcecode.swift; path = IconTextField.swift; sourceTree = "<group>"; };
		F52638451C72886F0068D21A /* SkyFloatingLabelTextFieldWithIconTests.swift */ = {isa = PBXFileReference; fileEncoding = 4; lastKnownFileType = sourcecode.swift; path = SkyFloatingLabelTextFieldWithIconTests.swift; sourceTree = "<group>"; };
		F538420B1C3C2B3600409083 /* fontawesome-webfont.ttf */ = {isa = PBXFileReference; lastKnownFileType = file; path = "fontawesome-webfont.ttf"; sourceTree = "<group>"; };
		F547D4AC1C3BEA8F0075A0C2 /* SkyFloatingLabelTextFieldExample.app */ = {isa = PBXFileReference; explicitFileType = wrapper.application; includeInIndex = 0; path = SkyFloatingLabelTextFieldExample.app; sourceTree = BUILT_PRODUCTS_DIR; };
		F547D4AE1C3BEA900075A0C2 /* AppDelegate.swift */ = {isa = PBXFileReference; lastKnownFileType = sourcecode.swift; path = AppDelegate.swift; sourceTree = "<group>"; };
		F547D4B01C3BEA900075A0C2 /* ViewController.swift */ = {isa = PBXFileReference; lastKnownFileType = sourcecode.swift; path = ViewController.swift; sourceTree = "<group>"; };
		F547D4B31C3BEA900075A0C2 /* Base */ = {isa = PBXFileReference; lastKnownFileType = file.storyboard; name = Base; path = Base.lproj/Main.storyboard; sourceTree = "<group>"; };
		F547D4B51C3BEA900075A0C2 /* Assets.xcassets */ = {isa = PBXFileReference; lastKnownFileType = folder.assetcatalog; path = Assets.xcassets; sourceTree = "<group>"; };
		F547D4B81C3BEA900075A0C2 /* Base */ = {isa = PBXFileReference; lastKnownFileType = file.storyboard; name = Base; path = Base.lproj/LaunchScreen.storyboard; sourceTree = "<group>"; };
		F547D4BA1C3BEA900075A0C2 /* Info.plist */ = {isa = PBXFileReference; lastKnownFileType = text.plist.xml; path = Info.plist; sourceTree = "<group>"; };
		F547D4BF1C3BEAF40075A0C2 /* ShowcaseExampleViewController.swift */ = {isa = PBXFileReference; fileEncoding = 4; lastKnownFileType = sourcecode.swift; path = ShowcaseExampleViewController.swift; sourceTree = "<group>"; };
		F547D4C11C3BEAF40075A0C2 /* SettingTextsViewController.swift */ = {isa = PBXFileReference; fileEncoding = 4; lastKnownFileType = sourcecode.swift; path = SettingTextsViewController.swift; sourceTree = "<group>"; };
		F547D4C31C3BEAF40075A0C2 /* CustomizingColorsViewController.swift */ = {isa = PBXFileReference; fileEncoding = 4; lastKnownFileType = sourcecode.swift; path = CustomizingColorsViewController.swift; sourceTree = "<group>"; };
		F547D4C51C3BEAF40075A0C2 /* SubclassingViewController.swift */ = {isa = PBXFileReference; fileEncoding = 4; lastKnownFileType = sourcecode.swift; path = SubclassingViewController.swift; sourceTree = "<group>"; };
		F547D4C61C3BEAF40075A0C2 /* ThemedTextField.swift */ = {isa = PBXFileReference; fileEncoding = 4; lastKnownFileType = sourcecode.swift; path = ThemedTextField.swift; sourceTree = "<group>"; };
		F547D4C81C3BEAF40075A0C2 /* CustomLayoutViewController.swift */ = {isa = PBXFileReference; fileEncoding = 4; lastKnownFileType = sourcecode.swift; path = CustomLayoutViewController.swift; sourceTree = "<group>"; };
		F547D4CB1C3BEAF40075A0C2 /* DelegateMethodsViewController.swift */ = {isa = PBXFileReference; fileEncoding = 4; lastKnownFileType = sourcecode.swift; path = DelegateMethodsViewController.swift; sourceTree = "<group>"; };
		F56289181C3BE3A20082D9A6 /* SkyFloatingLabelTextField.framework */ = {isa = PBXFileReference; explicitFileType = wrapper.framework; includeInIndex = 0; path = SkyFloatingLabelTextField.framework; sourceTree = BUILT_PRODUCTS_DIR; };
		F562891D1C3BE3A20082D9A6 /* Info.plist */ = {isa = PBXFileReference; lastKnownFileType = text.plist.xml; path = Info.plist; sourceTree = "<group>"; };
		F56289221C3BE3A20082D9A6 /* SkyFloatingLabelTextFieldTests.xctest */ = {isa = PBXFileReference; explicitFileType = wrapper.cfbundle; includeInIndex = 0; path = SkyFloatingLabelTextFieldTests.xctest; sourceTree = BUILT_PRODUCTS_DIR; };
		F56289271C3BE3A20082D9A6 /* SkyFloatingLabelTextFieldTests.swift */ = {isa = PBXFileReference; lastKnownFileType = sourcecode.swift; path = SkyFloatingLabelTextFieldTests.swift; sourceTree = "<group>"; };
		F56289291C3BE3A20082D9A6 /* Info.plist */ = {isa = PBXFileReference; lastKnownFileType = text.plist.xml; path = Info.plist; sourceTree = "<group>"; };
		F5B6E1021C8604C2003D4DB9 /* SkyFloatingLabelTextField.swift */ = {isa = PBXFileReference; fileEncoding = 4; lastKnownFileType = sourcecode.swift; name = SkyFloatingLabelTextField.swift; path = ../../Sources/SkyFloatingLabelTextField.swift; sourceTree = "<group>"; };
		F5B6E1041C8604C2003D4DB9 /* SkyFloatingLabelTextFieldWithIcon.swift */ = {isa = PBXFileReference; fileEncoding = 4; lastKnownFileType = sourcecode.swift; name = SkyFloatingLabelTextFieldWithIcon.swift; path = ../../Sources/SkyFloatingLabelTextFieldWithIcon.swift; sourceTree = "<group>"; };
		F5B6E1051C8604C2003D4DB9 /* UITextField+fixCaretPosition.swift */ = {isa = PBXFileReference; fileEncoding = 4; lastKnownFileType = sourcecode.swift; name = "UITextField+fixCaretPosition.swift"; path = "../../Sources/UITextField+fixCaretPosition.swift"; sourceTree = "<group>"; };
/* End PBXFileReference section */

/* Begin PBXFrameworksBuildPhase section */
		F547D4A91C3BEA8F0075A0C2 /* Frameworks */ = {
			isa = PBXFrameworksBuildPhase;
			buildActionMask = 2147483647;
			files = (
			);
			runOnlyForDeploymentPostprocessing = 0;
		};
		F56289141C3BE3A20082D9A6 /* Frameworks */ = {
			isa = PBXFrameworksBuildPhase;
			buildActionMask = 2147483647;
			files = (
			);
			runOnlyForDeploymentPostprocessing = 0;
		};
		F562891F1C3BE3A20082D9A6 /* Frameworks */ = {
			isa = PBXFrameworksBuildPhase;
			buildActionMask = 2147483647;
			files = (
				F56289231C3BE3A20082D9A6 /* SkyFloatingLabelTextField.framework in Frameworks */,
			);
			runOnlyForDeploymentPostprocessing = 0;
		};
/* End PBXFrameworksBuildPhase section */

/* Begin PBXGroup section */
		F538420A1C3C2B2900409083 /* Supporting Files */ = {
			isa = PBXGroup;
			children = (
				F538420B1C3C2B3600409083 /* fontawesome-webfont.ttf */,
			);
			path = "Supporting Files";
			sourceTree = "<group>";
		};
		F547D4AD1C3BEA900075A0C2 /* SkyFloatingLabelTextFieldExample */ = {
			isa = PBXGroup;
			children = (
				934DBD011CC774B900E03F87 /* SkyFloatingLabelTextField.strings */,
				F538420A1C3C2B2900409083 /* Supporting Files */,
				F547D4BE1C3BEAF40075A0C2 /* Example0 */,
				F547D4C01C3BEAF40075A0C2 /* Example1 */,
				F547D4C21C3BEAF40075A0C2 /* Example2 */,
				F547D4C41C3BEAF40075A0C2 /* Example3 */,
				F547D4C71C3BEAF40075A0C2 /* Example4 */,
				F547D4CA1C3BEAF40075A0C2 /* Example5 */,
				F547D4AE1C3BEA900075A0C2 /* AppDelegate.swift */,
				F547D4B01C3BEA900075A0C2 /* ViewController.swift */,
				F547D4B21C3BEA900075A0C2 /* Main.storyboard */,
				F547D4B51C3BEA900075A0C2 /* Assets.xcassets */,
				F547D4B71C3BEA900075A0C2 /* LaunchScreen.storyboard */,
				F547D4BA1C3BEA900075A0C2 /* Info.plist */,
			);
			path = SkyFloatingLabelTextFieldExample;
			sourceTree = "<group>";
		};
		F547D4BE1C3BEAF40075A0C2 /* Example0 */ = {
			isa = PBXGroup;
			children = (
				F547D4BF1C3BEAF40075A0C2 /* ShowcaseExampleViewController.swift */,
			);
			path = Example0;
			sourceTree = "<group>";
		};
		F547D4C01C3BEAF40075A0C2 /* Example1 */ = {
			isa = PBXGroup;
			children = (
				F547D4C11C3BEAF40075A0C2 /* SettingTextsViewController.swift */,
			);
			path = Example1;
			sourceTree = "<group>";
		};
		F547D4C21C3BEAF40075A0C2 /* Example2 */ = {
			isa = PBXGroup;
			children = (
				F547D4C31C3BEAF40075A0C2 /* CustomizingColorsViewController.swift */,
			);
			path = Example2;
			sourceTree = "<group>";
		};
		F547D4C41C3BEAF40075A0C2 /* Example3 */ = {
			isa = PBXGroup;
			children = (
				F547D4C51C3BEAF40075A0C2 /* SubclassingViewController.swift */,
				F547D4C61C3BEAF40075A0C2 /* ThemedTextField.swift */,
			);
			path = Example3;
			sourceTree = "<group>";
		};
		F547D4C71C3BEAF40075A0C2 /* Example4 */ = {
			isa = PBXGroup;
			children = (
				F51232B11C7686F400FF32A6 /* IconTextField.swift */,
				F547D4C81C3BEAF40075A0C2 /* CustomLayoutViewController.swift */,
			);
			path = Example4;
			sourceTree = "<group>";
		};
		F547D4CA1C3BEAF40075A0C2 /* Example5 */ = {
			isa = PBXGroup;
			children = (
				F547D4CB1C3BEAF40075A0C2 /* DelegateMethodsViewController.swift */,
			);
			path = Example5;
			sourceTree = "<group>";
		};
		F562890E1C3BE3A10082D9A6 = {
			isa = PBXGroup;
			children = (
				F562891A1C3BE3A20082D9A6 /* SkyFloatingLabelTextField */,
				F56289261C3BE3A20082D9A6 /* SkyFloatingLabelTextFieldTests */,
				F547D4AD1C3BEA900075A0C2 /* SkyFloatingLabelTextFieldExample */,
				F56289191C3BE3A20082D9A6 /* Products */,
			);
			sourceTree = "<group>";
		};
		F56289191C3BE3A20082D9A6 /* Products */ = {
			isa = PBXGroup;
			children = (
				F56289181C3BE3A20082D9A6 /* SkyFloatingLabelTextField.framework */,
				F56289221C3BE3A20082D9A6 /* SkyFloatingLabelTextFieldTests.xctest */,
				F547D4AC1C3BEA8F0075A0C2 /* SkyFloatingLabelTextFieldExample.app */,
			);
			name = Products;
			sourceTree = "<group>";
		};
		F562891A1C3BE3A20082D9A6 /* SkyFloatingLabelTextField */ = {
			isa = PBXGroup;
			children = (
				F5B6E1021C8604C2003D4DB9 /* SkyFloatingLabelTextField.swift */,
				F5B6E1041C8604C2003D4DB9 /* SkyFloatingLabelTextFieldWithIcon.swift */,
				F5B6E1051C8604C2003D4DB9 /* UITextField+fixCaretPosition.swift */,
				F562891D1C3BE3A20082D9A6 /* Info.plist */,
			);
			path = SkyFloatingLabelTextField;
			sourceTree = "<group>";
		};
		F56289261C3BE3A20082D9A6 /* SkyFloatingLabelTextFieldTests */ = {
			isa = PBXGroup;
			children = (
				F56289271C3BE3A20082D9A6 /* SkyFloatingLabelTextFieldTests.swift */,
				F52638451C72886F0068D21A /* SkyFloatingLabelTextFieldWithIconTests.swift */,
				F56289291C3BE3A20082D9A6 /* Info.plist */,
			);
			path = SkyFloatingLabelTextFieldTests;
			sourceTree = "<group>";
		};
/* End PBXGroup section */

/* Begin PBXHeadersBuildPhase section */
		F56289151C3BE3A20082D9A6 /* Headers */ = {
			isa = PBXHeadersBuildPhase;
			buildActionMask = 2147483647;
			files = (
			);
			runOnlyForDeploymentPostprocessing = 0;
		};
/* End PBXHeadersBuildPhase section */

/* Begin PBXNativeTarget section */
		F547D4AB1C3BEA8F0075A0C2 /* SkyFloatingLabelTextFieldExample */ = {
			isa = PBXNativeTarget;
			buildConfigurationList = F547D4BD1C3BEA900075A0C2 /* Build configuration list for PBXNativeTarget "SkyFloatingLabelTextFieldExample" */;
			buildPhases = (
				F547D4A81C3BEA8F0075A0C2 /* Sources */,
				F547D4A91C3BEA8F0075A0C2 /* Frameworks */,
				F547D4AA1C3BEA8F0075A0C2 /* Resources */,
			);
			buildRules = (
			);
			dependencies = (
			);
			name = SkyFloatingLabelTextFieldExample;
			productName = SkyFloatingLabelTextFieldExample;
			productReference = F547D4AC1C3BEA8F0075A0C2 /* SkyFloatingLabelTextFieldExample.app */;
			productType = "com.apple.product-type.application";
		};
		F56289171C3BE3A20082D9A6 /* SkyFloatingLabelTextField */ = {
			isa = PBXNativeTarget;
			buildConfigurationList = F562892C1C3BE3A20082D9A6 /* Build configuration list for PBXNativeTarget "SkyFloatingLabelTextField" */;
			buildPhases = (
				F56289131C3BE3A20082D9A6 /* Sources */,
				F56289141C3BE3A20082D9A6 /* Frameworks */,
				F56289151C3BE3A20082D9A6 /* Headers */,
				F56289161C3BE3A20082D9A6 /* Resources */,
			);
			buildRules = (
			);
			dependencies = (
			);
			name = SkyFloatingLabelTextField;
			productName = SkyFloatingLabelTextField;
			productReference = F56289181C3BE3A20082D9A6 /* SkyFloatingLabelTextField.framework */;
			productType = "com.apple.product-type.framework";
		};
		F56289211C3BE3A20082D9A6 /* SkyFloatingLabelTextFieldTests */ = {
			isa = PBXNativeTarget;
			buildConfigurationList = F562892F1C3BE3A20082D9A6 /* Build configuration list for PBXNativeTarget "SkyFloatingLabelTextFieldTests" */;
			buildPhases = (
				F562891E1C3BE3A20082D9A6 /* Sources */,
				F562891F1C3BE3A20082D9A6 /* Frameworks */,
				F56289201C3BE3A20082D9A6 /* Resources */,
			);
			buildRules = (
			);
			dependencies = (
				F56289251C3BE3A20082D9A6 /* PBXTargetDependency */,
			);
			name = SkyFloatingLabelTextFieldTests;
			productName = SkyFloatingLabelTextFieldTests;
			productReference = F56289221C3BE3A20082D9A6 /* SkyFloatingLabelTextFieldTests.xctest */;
			productType = "com.apple.product-type.bundle.unit-test";
		};
/* End PBXNativeTarget section */

/* Begin PBXProject section */
		F562890F1C3BE3A10082D9A6 /* Project object */ = {
			isa = PBXProject;
			attributes = {
				LastSwiftUpdateCheck = 0720;
				LastUpgradeCheck = 0720;
				ORGANIZATIONNAME = Skyscanner;
				TargetAttributes = {
					F547D4AB1C3BEA8F0075A0C2 = {
						CreatedOnToolsVersion = 7.2;
					};
					F56289171C3BE3A20082D9A6 = {
						CreatedOnToolsVersion = 7.2;
						LastSwiftMigration = 0800;
					};
					F56289211C3BE3A20082D9A6 = {
						CreatedOnToolsVersion = 7.2;
						LastSwiftMigration = 0800;
					};
				};
			};
			buildConfigurationList = F56289121C3BE3A10082D9A6 /* Build configuration list for PBXProject "SkyFloatingLabelTextField" */;
			compatibilityVersion = "Xcode 3.2";
			developmentRegion = English;
			hasScannedForEncodings = 0;
			knownRegions = (
				en,
				Base,
				he,
			);
			mainGroup = F562890E1C3BE3A10082D9A6;
			productRefGroup = F56289191C3BE3A20082D9A6 /* Products */;
			projectDirPath = "";
			projectRoot = "";
			targets = (
				F56289171C3BE3A20082D9A6 /* SkyFloatingLabelTextField */,
				F56289211C3BE3A20082D9A6 /* SkyFloatingLabelTextFieldTests */,
				F547D4AB1C3BEA8F0075A0C2 /* SkyFloatingLabelTextFieldExample */,
			);
		};
/* End PBXProject section */

/* Begin PBXResourcesBuildPhase section */
		F547D4AA1C3BEA8F0075A0C2 /* Resources */ = {
			isa = PBXResourcesBuildPhase;
			buildActionMask = 2147483647;
			files = (
				F547D4B91C3BEA900075A0C2 /* LaunchScreen.storyboard in Resources */,
				F538420C1C3C2B3600409083 /* fontawesome-webfont.ttf in Resources */,
				F547D4B61C3BEA900075A0C2 /* Assets.xcassets in Resources */,
				F547D4B41C3BEA900075A0C2 /* Main.storyboard in Resources */,
				934DBD021CC775D300E03F87 /* SkyFloatingLabelTextField.strings in Resources */,
			);
			runOnlyForDeploymentPostprocessing = 0;
		};
		F56289161C3BE3A20082D9A6 /* Resources */ = {
			isa = PBXResourcesBuildPhase;
			buildActionMask = 2147483647;
			files = (
				934DBCFF1CC774B900E03F87 /* SkyFloatingLabelTextField.strings in Resources */,
			);
			runOnlyForDeploymentPostprocessing = 0;
		};
		F56289201C3BE3A20082D9A6 /* Resources */ = {
			isa = PBXResourcesBuildPhase;
			buildActionMask = 2147483647;
			files = (
			);
			runOnlyForDeploymentPostprocessing = 0;
		};
/* End PBXResourcesBuildPhase section */

/* Begin PBXSourcesBuildPhase section */
		F547D4A81C3BEA8F0075A0C2 /* Sources */ = {
			isa = PBXSourcesBuildPhase;
			buildActionMask = 2147483647;
			files = (
				F58DFE721C91D2C40023AA0F /* UITextField+fixCaretPosition.swift in Sources */,
				F547D4CE1C3BEAF40075A0C2 /* CustomizingColorsViewController.swift in Sources */,
				F58DFE6F1C91D2C40023AA0F /* SkyFloatingLabelTextField.swift in Sources */,
				F547D4CD1C3BEAF40075A0C2 /* SettingTextsViewController.swift in Sources */,
				F547D4D31C3BEAF40075A0C2 /* DelegateMethodsViewController.swift in Sources */,
				F51232B21C7686F400FF32A6 /* IconTextField.swift in Sources */,
				F547D4CC1C3BEAF40075A0C2 /* ShowcaseExampleViewController.swift in Sources */,
				F547D4D01C3BEAF40075A0C2 /* ThemedTextField.swift in Sources */,
				F547D4CF1C3BEAF40075A0C2 /* SubclassingViewController.swift in Sources */,
				F58DFE711C91D2C40023AA0F /* SkyFloatingLabelTextFieldWithIcon.swift in Sources */,
				F547D4B11C3BEA900075A0C2 /* ViewController.swift in Sources */,
				F547D4D11C3BEAF40075A0C2 /* CustomLayoutViewController.swift in Sources */,
				F547D4AF1C3BEA900075A0C2 /* AppDelegate.swift in Sources */,
			);
			runOnlyForDeploymentPostprocessing = 0;
		};
		F56289131C3BE3A20082D9A6 /* Sources */ = {
			isa = PBXSourcesBuildPhase;
			buildActionMask = 2147483647;
			files = (
				F5B6E1061C8604C2003D4DB9 /* SkyFloatingLabelTextField.swift in Sources */,
				F5B6E1081C8604C2003D4DB9 /* SkyFloatingLabelTextFieldWithIcon.swift in Sources */,
				F5B6E1091C8604C2003D4DB9 /* UITextField+fixCaretPosition.swift in Sources */,
			);
			runOnlyForDeploymentPostprocessing = 0;
		};
		F562891E1C3BE3A20082D9A6 /* Sources */ = {
			isa = PBXSourcesBuildPhase;
			buildActionMask = 2147483647;
			files = (
				F56289281C3BE3A20082D9A6 /* SkyFloatingLabelTextFieldTests.swift in Sources */,
				F52638461C72886F0068D21A /* SkyFloatingLabelTextFieldWithIconTests.swift in Sources */,
			);
			runOnlyForDeploymentPostprocessing = 0;
		};
/* End PBXSourcesBuildPhase section */

/* Begin PBXTargetDependency section */
		F56289251C3BE3A20082D9A6 /* PBXTargetDependency */ = {
			isa = PBXTargetDependency;
			target = F56289171C3BE3A20082D9A6 /* SkyFloatingLabelTextField */;
			targetProxy = F56289241C3BE3A20082D9A6 /* PBXContainerItemProxy */;
		};
/* End PBXTargetDependency section */

/* Begin PBXVariantGroup section */
		934DBD011CC774B900E03F87 /* SkyFloatingLabelTextField.strings */ = {
			isa = PBXVariantGroup;
			children = (
				934DBD001CC774B900E03F87 /* Base */,
				934DBD031CC775D700E03F87 /* he */,
			);
			name = SkyFloatingLabelTextField.strings;
			sourceTree = "<group>";
		};
		F547D4B21C3BEA900075A0C2 /* Main.storyboard */ = {
			isa = PBXVariantGroup;
			children = (
				F547D4B31C3BEA900075A0C2 /* Base */,
				934DBCFB1CC76D4600E03F87 /* he */,
			);
			name = Main.storyboard;
			sourceTree = "<group>";
		};
		F547D4B71C3BEA900075A0C2 /* LaunchScreen.storyboard */ = {
			isa = PBXVariantGroup;
			children = (
				F547D4B81C3BEA900075A0C2 /* Base */,
				934DBCFC1CC76D4600E03F87 /* he */,
			);
			name = LaunchScreen.storyboard;
			sourceTree = "<group>";
		};
/* End PBXVariantGroup section */

/* Begin XCBuildConfiguration section */
		F547D4BB1C3BEA900075A0C2 /* Debug */ = {
			isa = XCBuildConfiguration;
			buildSettings = {
				ASSETCATALOG_COMPILER_APPICON_NAME = AppIcon;
				INFOPLIST_FILE = SkyFloatingLabelTextFieldExample/Info.plist;
				LD_RUNPATH_SEARCH_PATHS = "$(inherited) @executable_path/Frameworks";
				PRODUCT_BUNDLE_IDENTIFIER = net.skyscanner.SkyFloatingLabelTextFieldExample;
				PRODUCT_NAME = "$(TARGET_NAME)";
			};
			name = Debug;
		};
		F547D4BC1C3BEA900075A0C2 /* Release */ = {
			isa = XCBuildConfiguration;
			buildSettings = {
				ASSETCATALOG_COMPILER_APPICON_NAME = AppIcon;
				INFOPLIST_FILE = SkyFloatingLabelTextFieldExample/Info.plist;
				LD_RUNPATH_SEARCH_PATHS = "$(inherited) @executable_path/Frameworks";
				PRODUCT_BUNDLE_IDENTIFIER = net.skyscanner.SkyFloatingLabelTextFieldExample;
				PRODUCT_NAME = "$(TARGET_NAME)";
			};
			name = Release;
		};
		F562892A1C3BE3A20082D9A6 /* Debug */ = {
			isa = XCBuildConfiguration;
			buildSettings = {
				ALWAYS_SEARCH_USER_PATHS = NO;
				CLANG_CXX_LANGUAGE_STANDARD = "gnu++0x";
				CLANG_CXX_LIBRARY = "libc++";
				CLANG_ENABLE_MODULES = YES;
				CLANG_ENABLE_OBJC_ARC = YES;
				CLANG_WARN_BOOL_CONVERSION = YES;
				CLANG_WARN_CONSTANT_CONVERSION = YES;
				CLANG_WARN_DIRECT_OBJC_ISA_USAGE = YES_ERROR;
				CLANG_WARN_EMPTY_BODY = YES;
				CLANG_WARN_ENUM_CONVERSION = YES;
				CLANG_WARN_INT_CONVERSION = YES;
				CLANG_WARN_OBJC_ROOT_CLASS = YES_ERROR;
				CLANG_WARN_UNREACHABLE_CODE = YES;
				CLANG_WARN__DUPLICATE_METHOD_MATCH = YES;
				"CODE_SIGN_IDENTITY[sdk=iphoneos*]" = "iPhone Developer";
				COPY_PHASE_STRIP = NO;
				CURRENT_PROJECT_VERSION = 1;
				DEBUG_INFORMATION_FORMAT = dwarf;
				ENABLE_STRICT_OBJC_MSGSEND = YES;
				ENABLE_TESTABILITY = YES;
				GCC_C_LANGUAGE_STANDARD = gnu99;
				GCC_DYNAMIC_NO_PIC = NO;
				GCC_GENERATE_TEST_COVERAGE_FILES = YES;
				GCC_INSTRUMENT_PROGRAM_FLOW_ARCS = YES;
				GCC_NO_COMMON_BLOCKS = YES;
				GCC_OPTIMIZATION_LEVEL = 0;
				GCC_PREPROCESSOR_DEFINITIONS = (
					"DEBUG=1",
					"$(inherited)",
				);
				GCC_WARN_64_TO_32_BIT_CONVERSION = YES;
				GCC_WARN_ABOUT_RETURN_TYPE = YES_ERROR;
				GCC_WARN_UNDECLARED_SELECTOR = YES;
				GCC_WARN_UNINITIALIZED_AUTOS = YES_AGGRESSIVE;
				GCC_WARN_UNUSED_FUNCTION = YES;
				GCC_WARN_UNUSED_VARIABLE = YES;
				IPHONEOS_DEPLOYMENT_TARGET = 8.0;
				MTL_ENABLE_DEBUG_INFO = YES;
				ONLY_ACTIVE_ARCH = YES;
				SDKROOT = iphoneos;
				SWIFT_OPTIMIZATION_LEVEL = "-Onone";
				TARGETED_DEVICE_FAMILY = "1,2";
				VERSIONING_SYSTEM = "apple-generic";
				VERSION_INFO_PREFIX = "";
			};
			name = Debug;
		};
		F562892B1C3BE3A20082D9A6 /* Release */ = {
			isa = XCBuildConfiguration;
			buildSettings = {
				ALWAYS_SEARCH_USER_PATHS = NO;
				CLANG_CXX_LANGUAGE_STANDARD = "gnu++0x";
				CLANG_CXX_LIBRARY = "libc++";
				CLANG_ENABLE_MODULES = YES;
				CLANG_ENABLE_OBJC_ARC = YES;
				CLANG_WARN_BOOL_CONVERSION = YES;
				CLANG_WARN_CONSTANT_CONVERSION = YES;
				CLANG_WARN_DIRECT_OBJC_ISA_USAGE = YES_ERROR;
				CLANG_WARN_EMPTY_BODY = YES;
				CLANG_WARN_ENUM_CONVERSION = YES;
				CLANG_WARN_INT_CONVERSION = YES;
				CLANG_WARN_OBJC_ROOT_CLASS = YES_ERROR;
				CLANG_WARN_UNREACHABLE_CODE = YES;
				CLANG_WARN__DUPLICATE_METHOD_MATCH = YES;
				"CODE_SIGN_IDENTITY[sdk=iphoneos*]" = "iPhone Developer";
				COPY_PHASE_STRIP = NO;
				CURRENT_PROJECT_VERSION = 1;
				DEBUG_INFORMATION_FORMAT = "dwarf-with-dsym";
				ENABLE_NS_ASSERTIONS = NO;
				ENABLE_STRICT_OBJC_MSGSEND = YES;
				GCC_C_LANGUAGE_STANDARD = gnu99;
				GCC_GENERATE_TEST_COVERAGE_FILES = YES;
				GCC_INSTRUMENT_PROGRAM_FLOW_ARCS = YES;
				GCC_NO_COMMON_BLOCKS = YES;
				GCC_WARN_64_TO_32_BIT_CONVERSION = YES;
				GCC_WARN_ABOUT_RETURN_TYPE = YES_ERROR;
				GCC_WARN_UNDECLARED_SELECTOR = YES;
				GCC_WARN_UNINITIALIZED_AUTOS = YES_AGGRESSIVE;
				GCC_WARN_UNUSED_FUNCTION = YES;
				GCC_WARN_UNUSED_VARIABLE = YES;
				IPHONEOS_DEPLOYMENT_TARGET = 8.0;
				MTL_ENABLE_DEBUG_INFO = NO;
				SDKROOT = iphoneos;
				TARGETED_DEVICE_FAMILY = "1,2";
				VALIDATE_PRODUCT = YES;
				VERSIONING_SYSTEM = "apple-generic";
				VERSION_INFO_PREFIX = "";
			};
			name = Release;
		};
		F562892D1C3BE3A20082D9A6 /* Debug */ = {
			isa = XCBuildConfiguration;
			buildSettings = {
				CLANG_ENABLE_MODULES = YES;
				DEFINES_MODULE = YES;
				DYLIB_COMPATIBILITY_VERSION = 1;
				DYLIB_CURRENT_VERSION = 1;
				DYLIB_INSTALL_NAME_BASE = "@rpath";
				INFOPLIST_FILE = SkyFloatingLabelTextField/Info.plist;
				INSTALL_PATH = "$(LOCAL_LIBRARY_DIR)/Frameworks";
				LD_RUNPATH_SEARCH_PATHS = "$(inherited) @executable_path/Frameworks @loader_path/Frameworks";
				PRODUCT_BUNDLE_IDENTIFIER = net.skyscanner.SkyFloatingLabelTextField;
				PRODUCT_NAME = "$(TARGET_NAME)";
				SKIP_INSTALL = YES;
				SWIFT_OPTIMIZATION_LEVEL = "-Onone";
				SWIFT_VERSION = 3.0;
			};
			name = Debug;
		};
		F562892E1C3BE3A20082D9A6 /* Release */ = {
			isa = XCBuildConfiguration;
			buildSettings = {
				CLANG_ENABLE_MODULES = YES;
				DEFINES_MODULE = YES;
				DYLIB_COMPATIBILITY_VERSION = 1;
				DYLIB_CURRENT_VERSION = 1;
				DYLIB_INSTALL_NAME_BASE = "@rpath";
				INFOPLIST_FILE = SkyFloatingLabelTextField/Info.plist;
				INSTALL_PATH = "$(LOCAL_LIBRARY_DIR)/Frameworks";
				LD_RUNPATH_SEARCH_PATHS = "$(inherited) @executable_path/Frameworks @loader_path/Frameworks";
				PRODUCT_BUNDLE_IDENTIFIER = net.skyscanner.SkyFloatingLabelTextField;
				PRODUCT_NAME = "$(TARGET_NAME)";
				SKIP_INSTALL = YES;
				SWIFT_VERSION = 3.0;
			};
			name = Release;
		};
		F56289301C3BE3A20082D9A6 /* Debug */ = {
			isa = XCBuildConfiguration;
			buildSettings = {
				INFOPLIST_FILE = SkyFloatingLabelTextFieldTests/Info.plist;
				LD_RUNPATH_SEARCH_PATHS = "$(inherited) @executable_path/Frameworks @loader_path/Frameworks";
				PRODUCT_BUNDLE_IDENTIFIER = net.skyscanner.SkyFloatingLabelTextFieldTests;
				PRODUCT_NAME = "$(TARGET_NAME)";
				SWIFT_VERSION = 3.0;
			};
			name = Debug;
		};
		F56289311C3BE3A20082D9A6 /* Release */ = {
			isa = XCBuildConfiguration;
			buildSettings = {
				INFOPLIST_FILE = SkyFloatingLabelTextFieldTests/Info.plist;
				LD_RUNPATH_SEARCH_PATHS = "$(inherited) @executable_path/Frameworks @loader_path/Frameworks";
				PRODUCT_BUNDLE_IDENTIFIER = net.skyscanner.SkyFloatingLabelTextFieldTests;
				PRODUCT_NAME = "$(TARGET_NAME)";
				SWIFT_VERSION = 3.0;
			};
			name = Release;
		};
/* End XCBuildConfiguration section */

/* Begin XCConfigurationList section */
		F547D4BD1C3BEA900075A0C2 /* Build configuration list for PBXNativeTarget "SkyFloatingLabelTextFieldExample" */ = {
			isa = XCConfigurationList;
			buildConfigurations = (
				F547D4BB1C3BEA900075A0C2 /* Debug */,
				F547D4BC1C3BEA900075A0C2 /* Release */,
			);
			defaultConfigurationIsVisible = 0;
			defaultConfigurationName = Release;
		};
		F56289121C3BE3A10082D9A6 /* Build configuration list for PBXProject "SkyFloatingLabelTextField" */ = {
			isa = XCConfigurationList;
			buildConfigurations = (
				F562892A1C3BE3A20082D9A6 /* Debug */,
				F562892B1C3BE3A20082D9A6 /* Release */,
			);
			defaultConfigurationIsVisible = 0;
			defaultConfigurationName = Release;
		};
		F562892C1C3BE3A20082D9A6 /* Build configuration list for PBXNativeTarget "SkyFloatingLabelTextField" */ = {
			isa = XCConfigurationList;
			buildConfigurations = (
				F562892D1C3BE3A20082D9A6 /* Debug */,
				F562892E1C3BE3A20082D9A6 /* Release */,
			);
			defaultConfigurationIsVisible = 0;
			defaultConfigurationName = Release;
		};
		F562892F1C3BE3A20082D9A6 /* Build configuration list for PBXNativeTarget "SkyFloatingLabelTextFieldTests" */ = {
			isa = XCConfigurationList;
			buildConfigurations = (
				F56289301C3BE3A20082D9A6 /* Debug */,
				F56289311C3BE3A20082D9A6 /* Release */,
			);
			defaultConfigurationIsVisible = 0;
			defaultConfigurationName = Release;
		};
/* End XCConfigurationList section */
	};
	rootObject = F562890F1C3BE3A10082D9A6 /* Project object */;
}
