// !$*UTF8*$!
{
	archiveVersion = 1;
	classes = {
	};
	objectVersion = 46;
	objects = {

/* Begin PBXBuildFile section */
		76150EC81C29723F008A5B6D /* WatermarkedTextField.swift in Sources */ = {isa = PBXBuildFile; fileRef = 76150EC61C29723F008A5B6D /* WatermarkedTextField.swift */; };
		76668B8D1C36976F0007CF33 /* SettingTextsViewController.swift in Sources */ = {isa = PBXBuildFile; fileRef = 76668B861C36976F0007CF33 /* SettingTextsViewController.swift */; };
		76668B8E1C36976F0007CF33 /* CustomizingColorsViewController.swift in Sources */ = {isa = PBXBuildFile; fileRef = 76668B881C36976F0007CF33 /* CustomizingColorsViewController.swift */; };
		76668B8F1C36976F0007CF33 /* SubclassingViewController.swift in Sources */ = {isa = PBXBuildFile; fileRef = 76668B8A1C36976F0007CF33 /* SubclassingViewController.swift */; };
		76668B901C36976F0007CF33 /* ThemedTextField.swift in Sources */ = {isa = PBXBuildFile; fileRef = 76668B8B1C36976F0007CF33 /* ThemedTextField.swift */; };
		76668B921C3697DB0007CF33 /* CustomLayoutViewController.swift in Sources */ = {isa = PBXBuildFile; fileRef = 76668B911C3697DB0007CF33 /* CustomLayoutViewController.swift */; };
		76668B941C3697F00007CF33 /* IconTextField.swift in Sources */ = {isa = PBXBuildFile; fileRef = 76668B931C3697F00007CF33 /* IconTextField.swift */; };
		76668B9A1C36D8510007CF33 /* DelegateMethodsViewController.swift in Sources */ = {isa = PBXBuildFile; fileRef = 76668B991C36D8510007CF33 /* DelegateMethodsViewController.swift */; };
		76668B9C1C3A8AA10007CF33 /* dashicons.ttf in Resources */ = {isa = PBXBuildFile; fileRef = 76668B9B1C3A8AA10007CF33 /* dashicons.ttf */; };
		76668B9E1C3A8AB80007CF33 /* Assets.xcassets in Resources */ = {isa = PBXBuildFile; fileRef = 76668B9D1C3A8AB80007CF33 /* Assets.xcassets */; };
		76A92F9F1C28828E002A26D0 /* AppDelegate.swift in Sources */ = {isa = PBXBuildFile; fileRef = 76A92F9E1C28828E002A26D0 /* AppDelegate.swift */; };
		76A92FA41C28828E002A26D0 /* Main.storyboard in Resources */ = {isa = PBXBuildFile; fileRef = 76A92FA21C28828E002A26D0 /* Main.storyboard */; };
		76A92FA91C28828E002A26D0 /* LaunchScreen.storyboard in Resources */ = {isa = PBXBuildFile; fileRef = 76A92FA71C28828E002A26D0 /* LaunchScreen.storyboard */; };
		76A92FB41C28828E002A26D0 /* DemoTests.swift in Sources */ = {isa = PBXBuildFile; fileRef = 76A92FB31C28828E002A26D0 /* DemoTests.swift */; };
/* End PBXBuildFile section */

/* Begin PBXContainerItemProxy section */
		76A92FB01C28828E002A26D0 /* PBXContainerItemProxy */ = {
			isa = PBXContainerItemProxy;
			containerPortal = 76A92F931C28828E002A26D0 /* Project object */;
			proxyType = 1;
			remoteGlobalIDString = 76A92F9A1C28828E002A26D0;
			remoteInfo = Demo;
		};
/* End PBXContainerItemProxy section */

/* Begin PBXFileReference section */
		76150EC61C29723F008A5B6D /* WatermarkedTextField.swift */ = {isa = PBXFileReference; fileEncoding = 4; lastKnownFileType = sourcecode.swift; path = WatermarkedTextField.swift; sourceTree = "<group>"; };
		76668B861C36976F0007CF33 /* SettingTextsViewController.swift */ = {isa = PBXFileReference; fileEncoding = 4; lastKnownFileType = sourcecode.swift; path = SettingTextsViewController.swift; sourceTree = "<group>"; };
		76668B881C36976F0007CF33 /* CustomizingColorsViewController.swift */ = {isa = PBXFileReference; fileEncoding = 4; lastKnownFileType = sourcecode.swift; path = CustomizingColorsViewController.swift; sourceTree = "<group>"; };
		76668B8A1C36976F0007CF33 /* SubclassingViewController.swift */ = {isa = PBXFileReference; fileEncoding = 4; lastKnownFileType = sourcecode.swift; path = SubclassingViewController.swift; sourceTree = "<group>"; };
		76668B8B1C36976F0007CF33 /* ThemedTextField.swift */ = {isa = PBXFileReference; fileEncoding = 4; lastKnownFileType = sourcecode.swift; path = ThemedTextField.swift; sourceTree = "<group>"; };
		76668B911C3697DB0007CF33 /* CustomLayoutViewController.swift */ = {isa = PBXFileReference; fileEncoding = 4; lastKnownFileType = sourcecode.swift; path = CustomLayoutViewController.swift; sourceTree = "<group>"; };
		76668B931C3697F00007CF33 /* IconTextField.swift */ = {isa = PBXFileReference; fileEncoding = 4; lastKnownFileType = sourcecode.swift; path = IconTextField.swift; sourceTree = "<group>"; };
		76668B991C36D8510007CF33 /* DelegateMethodsViewController.swift */ = {isa = PBXFileReference; fileEncoding = 4; lastKnownFileType = sourcecode.swift; path = DelegateMethodsViewController.swift; sourceTree = "<group>"; };
		76668B9B1C3A8AA10007CF33 /* dashicons.ttf */ = {isa = PBXFileReference; lastKnownFileType = file; path = dashicons.ttf; sourceTree = "<group>"; };
		76668B9D1C3A8AB80007CF33 /* Assets.xcassets */ = {isa = PBXFileReference; lastKnownFileType = folder.assetcatalog; path = Assets.xcassets; sourceTree = "<group>"; };
		76A92F9B1C28828E002A26D0 /* Demo.app */ = {isa = PBXFileReference; explicitFileType = wrapper.application; includeInIndex = 0; path = Demo.app; sourceTree = BUILT_PRODUCTS_DIR; };
		76A92F9E1C28828E002A26D0 /* AppDelegate.swift */ = {isa = PBXFileReference; lastKnownFileType = sourcecode.swift; path = AppDelegate.swift; sourceTree = "<group>"; };
		76A92FA31C28828E002A26D0 /* Base */ = {isa = PBXFileReference; lastKnownFileType = file.storyboard; name = Base; path = Base.lproj/Main.storyboard; sourceTree = "<group>"; };
		76A92FA81C28828E002A26D0 /* Base */ = {isa = PBXFileReference; lastKnownFileType = file.storyboard; name = Base; path = Base.lproj/LaunchScreen.storyboard; sourceTree = "<group>"; };
		76A92FAA1C28828E002A26D0 /* Info.plist */ = {isa = PBXFileReference; lastKnownFileType = text.plist.xml; path = Info.plist; sourceTree = "<group>"; };
		76A92FAF1C28828E002A26D0 /* DemoTests.xctest */ = {isa = PBXFileReference; explicitFileType = wrapper.cfbundle; includeInIndex = 0; path = DemoTests.xctest; sourceTree = BUILT_PRODUCTS_DIR; };
		76A92FB31C28828E002A26D0 /* DemoTests.swift */ = {isa = PBXFileReference; lastKnownFileType = sourcecode.swift; path = DemoTests.swift; sourceTree = "<group>"; };
		76A92FB51C28828E002A26D0 /* Info.plist */ = {isa = PBXFileReference; lastKnownFileType = text.plist.xml; path = Info.plist; sourceTree = "<group>"; };
/* End PBXFileReference section */

/* Begin PBXFrameworksBuildPhase section */
		76A92F981C28828E002A26D0 /* Frameworks */ = {
			isa = PBXFrameworksBuildPhase;
			buildActionMask = 2147483647;
			files = (
			);
			runOnlyForDeploymentPostprocessing = 0;
		};
		76A92FAC1C28828E002A26D0 /* Frameworks */ = {
			isa = PBXFrameworksBuildPhase;
			buildActionMask = 2147483647;
			files = (
			);
			runOnlyForDeploymentPostprocessing = 0;
		};
/* End PBXFrameworksBuildPhase section */

/* Begin PBXGroup section */
		76150EC41C29723F008A5B6D /* WatermarkedTextField */ = {
			isa = PBXGroup;
			children = (
				76150EC61C29723F008A5B6D /* WatermarkedTextField.swift */,
			);
			name = WatermarkedTextField;
			path = ../WatermarkedTextField;
			sourceTree = "<group>";
		};
		76668B851C36976F0007CF33 /* Example1 */ = {
			isa = PBXGroup;
			children = (
				76668B861C36976F0007CF33 /* SettingTextsViewController.swift */,
			);
			path = Example1;
			sourceTree = "<group>";
		};
		76668B871C36976F0007CF33 /* Example2 */ = {
			isa = PBXGroup;
			children = (
				76668B881C36976F0007CF33 /* CustomizingColorsViewController.swift */,
			);
			path = Example2;
			sourceTree = "<group>";
		};
		76668B891C36976F0007CF33 /* Example3 */ = {
			isa = PBXGroup;
			children = (
				76668B8A1C36976F0007CF33 /* SubclassingViewController.swift */,
				76668B8B1C36976F0007CF33 /* ThemedTextField.swift */,
			);
			path = Example3;
			sourceTree = "<group>";
		};
		76668B8C1C36976F0007CF33 /* Example4 */ = {
			isa = PBXGroup;
			children = (
				76668B911C3697DB0007CF33 /* CustomLayoutViewController.swift */,
				76668B931C3697F00007CF33 /* IconTextField.swift */,
			);
			path = Example4;
			sourceTree = "<group>";
		};
		76668B951C36B9370007CF33 /* Resources */ = {
			isa = PBXGroup;
			children = (
				76668B9D1C3A8AB80007CF33 /* Assets.xcassets */,
				76668B9B1C3A8AA10007CF33 /* dashicons.ttf */,
				76A92FA21C28828E002A26D0 /* Main.storyboard */,
				76A92FA71C28828E002A26D0 /* LaunchScreen.storyboard */,
			);
			path = Resources;
			sourceTree = "<group>";
		};
		76668B981C36D8420007CF33 /* Example5 */ = {
			isa = PBXGroup;
			children = (
				76668B991C36D8510007CF33 /* DelegateMethodsViewController.swift */,
			);
			path = Example5;
			sourceTree = "<group>";
		};
		76A92F921C28828E002A26D0 = {
			isa = PBXGroup;
			children = (
				76150EC41C29723F008A5B6D /* WatermarkedTextField */,
				76A92F9D1C28828E002A26D0 /* Demo */,
				76A92FB21C28828E002A26D0 /* DemoTests */,
				76A92F9C1C28828E002A26D0 /* Products */,
			);
			sourceTree = "<group>";
		};
		76A92F9C1C28828E002A26D0 /* Products */ = {
			isa = PBXGroup;
			children = (
				76A92F9B1C28828E002A26D0 /* Demo.app */,
				76A92FAF1C28828E002A26D0 /* DemoTests.xctest */,
			);
			name = Products;
			sourceTree = "<group>";
		};
		76A92F9D1C28828E002A26D0 /* Demo */ = {
			isa = PBXGroup;
			children = (
				76668B951C36B9370007CF33 /* Resources */,
				76668B851C36976F0007CF33 /* Example1 */,
				76668B871C36976F0007CF33 /* Example2 */,
				76668B891C36976F0007CF33 /* Example3 */,
				76668B8C1C36976F0007CF33 /* Example4 */,
				76668B981C36D8420007CF33 /* Example5 */,
				76A92F9E1C28828E002A26D0 /* AppDelegate.swift */,
				76A92FAA1C28828E002A26D0 /* Info.plist */,
			);
			path = Demo;
			sourceTree = "<group>";
		};
		76A92FB21C28828E002A26D0 /* DemoTests */ = {
			isa = PBXGroup;
			children = (
				76A92FB31C28828E002A26D0 /* DemoTests.swift */,
				76A92FB51C28828E002A26D0 /* Info.plist */,
			);
			path = DemoTests;
			sourceTree = "<group>";
		};
/* End PBXGroup section */

/* Begin PBXNativeTarget section */
		76A92F9A1C28828E002A26D0 /* Demo */ = {
			isa = PBXNativeTarget;
			buildConfigurationList = 76A92FB81C28828E002A26D0 /* Build configuration list for PBXNativeTarget "Demo" */;
			buildPhases = (
				76A92F971C28828E002A26D0 /* Sources */,
				76A92F981C28828E002A26D0 /* Frameworks */,
				76A92F991C28828E002A26D0 /* Resources */,
			);
			buildRules = (
			);
			dependencies = (
			);
			name = Demo;
			productName = Demo;
			productReference = 76A92F9B1C28828E002A26D0 /* Demo.app */;
			productType = "com.apple.product-type.application";
		};
		76A92FAE1C28828E002A26D0 /* DemoTests */ = {
			isa = PBXNativeTarget;
			buildConfigurationList = 76A92FBB1C28828E002A26D0 /* Build configuration list for PBXNativeTarget "DemoTests" */;
			buildPhases = (
				76A92FAB1C28828E002A26D0 /* Sources */,
				76A92FAC1C28828E002A26D0 /* Frameworks */,
				76A92FAD1C28828E002A26D0 /* Resources */,
			);
			buildRules = (
			);
			dependencies = (
				76A92FB11C28828E002A26D0 /* PBXTargetDependency */,
			);
			name = DemoTests;
			productName = DemoTests;
			productReference = 76A92FAF1C28828E002A26D0 /* DemoTests.xctest */;
			productType = "com.apple.product-type.bundle.unit-test";
		};
/* End PBXNativeTarget section */

/* Begin PBXProject section */
		76A92F931C28828E002A26D0 /* Project object */ = {
			isa = PBXProject;
			attributes = {
				LastSwiftUpdateCheck = 0720;
				LastUpgradeCheck = 0720;
				ORGANIZATIONNAME = Skyscanner;
				TargetAttributes = {
					76A92F9A1C28828E002A26D0 = {
						CreatedOnToolsVersion = 7.2;
					};
					76A92FAE1C28828E002A26D0 = {
						CreatedOnToolsVersion = 7.2;
						TestTargetID = 76A92F9A1C28828E002A26D0;
					};
				};
			};
			buildConfigurationList = 76A92F961C28828E002A26D0 /* Build configuration list for PBXProject "Demo" */;
			compatibilityVersion = "Xcode 3.2";
			developmentRegion = English;
			hasScannedForEncodings = 0;
			knownRegions = (
				en,
				Base,
			);
			mainGroup = 76A92F921C28828E002A26D0;
			productRefGroup = 76A92F9C1C28828E002A26D0 /* Products */;
			projectDirPath = "";
			projectRoot = "";
			targets = (
				76A92F9A1C28828E002A26D0 /* Demo */,
				76A92FAE1C28828E002A26D0 /* DemoTests */,
			);
		};
/* End PBXProject section */

/* Begin PBXResourcesBuildPhase section */
		76A92F991C28828E002A26D0 /* Resources */ = {
			isa = PBXResourcesBuildPhase;
			buildActionMask = 2147483647;
			files = (
				76A92FA91C28828E002A26D0 /* LaunchScreen.storyboard in Resources */,
				76668B9C1C3A8AA10007CF33 /* dashicons.ttf in Resources */,
				76668B9E1C3A8AB80007CF33 /* Assets.xcassets in Resources */,
				76A92FA41C28828E002A26D0 /* Main.storyboard in Resources */,
			);
			runOnlyForDeploymentPostprocessing = 0;
		};
		76A92FAD1C28828E002A26D0 /* Resources */ = {
			isa = PBXResourcesBuildPhase;
			buildActionMask = 2147483647;
			files = (
			);
			runOnlyForDeploymentPostprocessing = 0;
		};
/* End PBXResourcesBuildPhase section */

/* Begin PBXSourcesBuildPhase section */
		76A92F971C28828E002A26D0 /* Sources */ = {
			isa = PBXSourcesBuildPhase;
			buildActionMask = 2147483647;
			files = (
				76668B941C3697F00007CF33 /* IconTextField.swift in Sources */,
				76668B921C3697DB0007CF33 /* CustomLayoutViewController.swift in Sources */,
				76668B9A1C36D8510007CF33 /* DelegateMethodsViewController.swift in Sources */,
				76668B8D1C36976F0007CF33 /* SettingTextsViewController.swift in Sources */,
				76668B8E1C36976F0007CF33 /* CustomizingColorsViewController.swift in Sources */,
				76150EC81C29723F008A5B6D /* WatermarkedTextField.swift in Sources */,
				76A92F9F1C28828E002A26D0 /* AppDelegate.swift in Sources */,
				76668B901C36976F0007CF33 /* ThemedTextField.swift in Sources */,
				76668B8F1C36976F0007CF33 /* SubclassingViewController.swift in Sources */,
			);
			runOnlyForDeploymentPostprocessing = 0;
		};
		76A92FAB1C28828E002A26D0 /* Sources */ = {
			isa = PBXSourcesBuildPhase;
			buildActionMask = 2147483647;
			files = (
				76A92FB41C28828E002A26D0 /* DemoTests.swift in Sources */,
			);
			runOnlyForDeploymentPostprocessing = 0;
		};
/* End PBXSourcesBuildPhase section */

/* Begin PBXTargetDependency section */
		76A92FB11C28828E002A26D0 /* PBXTargetDependency */ = {
			isa = PBXTargetDependency;
			target = 76A92F9A1C28828E002A26D0 /* Demo */;
			targetProxy = 76A92FB01C28828E002A26D0 /* PBXContainerItemProxy */;
		};
/* End PBXTargetDependency section */

/* Begin PBXVariantGroup section */
		76A92FA21C28828E002A26D0 /* Main.storyboard */ = {
			isa = PBXVariantGroup;
			children = (
				76A92FA31C28828E002A26D0 /* Base */,
			);
			name = Main.storyboard;
			path = ..;
			sourceTree = "<group>";
		};
		76A92FA71C28828E002A26D0 /* LaunchScreen.storyboard */ = {
			isa = PBXVariantGroup;
			children = (
				76A92FA81C28828E002A26D0 /* Base */,
			);
			name = LaunchScreen.storyboard;
			path = ..;
			sourceTree = "<group>";
		};
/* End PBXVariantGroup section */

/* Begin XCBuildConfiguration section */
		76A92FB61C28828E002A26D0 /* Debug */ = {
			isa = XCBuildConfiguration;
			buildSettings = {
				ALWAYS_SEARCH_USER_PATHS = NO;
				CLANG_CXX_LANGUAGE_STANDARD = "gnu++0x";
				CLANG_CXX_LIBRARY = "libc++";
				CLANG_ENABLE_MODULES = YES;
				CLANG_ENABLE_OBJC_ARC = YES;
				CLANG_WARN_BOOL_CONVERSION = YES;
				CLANG_WARN_CONSTANT_CONVERSION = YES;
				CLANG_WARN_DIRECT_OBJC_ISA_USAGE = YES_ERROR;
				CLANG_WARN_EMPTY_BODY = YES;
				CLANG_WARN_ENUM_CONVERSION = YES;
				CLANG_WARN_INT_CONVERSION = YES;
				CLANG_WARN_OBJC_ROOT_CLASS = YES_ERROR;
				CLANG_WARN_UNREACHABLE_CODE = YES;
				CLANG_WARN__DUPLICATE_METHOD_MATCH = YES;
				"CODE_SIGN_IDENTITY[sdk=iphoneos*]" = "iPhone Developer";
				COPY_PHASE_STRIP = NO;
				DEBUG_INFORMATION_FORMAT = dwarf;
				ENABLE_STRICT_OBJC_MSGSEND = YES;
				ENABLE_TESTABILITY = YES;
				GCC_C_LANGUAGE_STANDARD = gnu99;
				GCC_DYNAMIC_NO_PIC = NO;
				GCC_NO_COMMON_BLOCKS = YES;
				GCC_OPTIMIZATION_LEVEL = 0;
				GCC_PREPROCESSOR_DEFINITIONS = (
					"DEBUG=1",
					"$(inherited)",
				);
				GCC_WARN_64_TO_32_BIT_CONVERSION = YES;
				GCC_WARN_ABOUT_RETURN_TYPE = YES_ERROR;
				GCC_WARN_UNDECLARED_SELECTOR = YES;
				GCC_WARN_UNINITIALIZED_AUTOS = YES_AGGRESSIVE;
				GCC_WARN_UNUSED_FUNCTION = YES;
				GCC_WARN_UNUSED_VARIABLE = YES;
				IPHONEOS_DEPLOYMENT_TARGET = 9.2;
				MTL_ENABLE_DEBUG_INFO = YES;
				ONLY_ACTIVE_ARCH = YES;
				SDKROOT = iphoneos;
				SWIFT_OPTIMIZATION_LEVEL = "-Onone";
				TARGETED_DEVICE_FAMILY = "1,2";
			};
			name = Debug;
		};
		76A92FB71C28828E002A26D0 /* Release */ = {
			isa = XCBuildConfiguration;
			buildSettings = {
				ALWAYS_SEARCH_USER_PATHS = NO;
				CLANG_CXX_LANGUAGE_STANDARD = "gnu++0x";
				CLANG_CXX_LIBRARY = "libc++";
				CLANG_ENABLE_MODULES = YES;
				CLANG_ENABLE_OBJC_ARC = YES;
				CLANG_WARN_BOOL_CONVERSION = YES;
				CLANG_WARN_CONSTANT_CONVERSION = YES;
				CLANG_WARN_DIRECT_OBJC_ISA_USAGE = YES_ERROR;
				CLANG_WARN_EMPTY_BODY = YES;
				CLANG_WARN_ENUM_CONVERSION = YES;
				CLANG_WARN_INT_CONVERSION = YES;
				CLANG_WARN_OBJC_ROOT_CLASS = YES_ERROR;
				CLANG_WARN_UNREACHABLE_CODE = YES;
				CLANG_WARN__DUPLICATE_METHOD_MATCH = YES;
				"CODE_SIGN_IDENTITY[sdk=iphoneos*]" = "iPhone Developer";
				COPY_PHASE_STRIP = NO;
				DEBUG_INFORMATION_FORMAT = "dwarf-with-dsym";
				ENABLE_NS_ASSERTIONS = NO;
				ENABLE_STRICT_OBJC_MSGSEND = YES;
				GCC_C_LANGUAGE_STANDARD = gnu99;
				GCC_NO_COMMON_BLOCKS = YES;
				GCC_WARN_64_TO_32_BIT_CONVERSION = YES;
				GCC_WARN_ABOUT_RETURN_TYPE = YES_ERROR;
				GCC_WARN_UNDECLARED_SELECTOR = YES;
				GCC_WARN_UNINITIALIZED_AUTOS = YES_AGGRESSIVE;
				GCC_WARN_UNUSED_FUNCTION = YES;
				GCC_WARN_UNUSED_VARIABLE = YES;
				IPHONEOS_DEPLOYMENT_TARGET = 9.2;
				MTL_ENABLE_DEBUG_INFO = NO;
				SDKROOT = iphoneos;
				TARGETED_DEVICE_FAMILY = "1,2";
				VALIDATE_PRODUCT = YES;
			};
			name = Release;
		};
		76A92FB91C28828E002A26D0 /* Debug */ = {
			isa = XCBuildConfiguration;
			buildSettings = {
				ASSETCATALOG_COMPILER_APPICON_NAME = AppIcon;
				CLANG_ENABLE_MODULES = YES;
				INFOPLIST_FILE = Demo/Info.plist;
				IPHONEOS_DEPLOYMENT_TARGET = 8.0;
				LD_RUNPATH_SEARCH_PATHS = "$(inherited) @executable_path/Frameworks";
				PRODUCT_BUNDLE_IDENTIFIER = Skyscanner.Demo;
				PRODUCT_NAME = "$(TARGET_NAME)";
				SWIFT_OPTIMIZATION_LEVEL = "-Onone";
			};
			name = Debug;
		};
		76A92FBA1C28828E002A26D0 /* Release */ = {
			isa = XCBuildConfiguration;
			buildSettings = {
				ASSETCATALOG_COMPILER_APPICON_NAME = AppIcon;
				CLANG_ENABLE_MODULES = YES;
				INFOPLIST_FILE = Demo/Info.plist;
				IPHONEOS_DEPLOYMENT_TARGET = 8.0;
				LD_RUNPATH_SEARCH_PATHS = "$(inherited) @executable_path/Frameworks";
				PRODUCT_BUNDLE_IDENTIFIER = Skyscanner.Demo;
				PRODUCT_NAME = "$(TARGET_NAME)";
			};
			name = Release;
		};
		76A92FBC1C28828E002A26D0 /* Debug */ = {
			isa = XCBuildConfiguration;
			buildSettings = {
				BUNDLE_LOADER = "$(TEST_HOST)";
				INFOPLIST_FILE = DemoTests/Info.plist;
				LD_RUNPATH_SEARCH_PATHS = "$(inherited) @executable_path/Frameworks @loader_path/Frameworks";
				PRODUCT_BUNDLE_IDENTIFIER = Skyscanner.DemoTests;
				PRODUCT_NAME = "$(TARGET_NAME)";
				TEST_HOST = "$(BUILT_PRODUCTS_DIR)/Demo.app/Demo";
			};
			name = Debug;
		};
		76A92FBD1C28828E002A26D0 /* Release */ = {
			isa = XCBuildConfiguration;
			buildSettings = {
				BUNDLE_LOADER = "$(TEST_HOST)";
				INFOPLIST_FILE = DemoTests/Info.plist;
				LD_RUNPATH_SEARCH_PATHS = "$(inherited) @executable_path/Frameworks @loader_path/Frameworks";
				PRODUCT_BUNDLE_IDENTIFIER = Skyscanner.DemoTests;
				PRODUCT_NAME = "$(TARGET_NAME)";
				TEST_HOST = "$(BUILT_PRODUCTS_DIR)/Demo.app/Demo";
			};
			name = Release;
		};
/* End XCBuildConfiguration section */

/* Begin XCConfigurationList section */
		76A92F961C28828E002A26D0 /* Build configuration list for PBXProject "Demo" */ = {
			isa = XCConfigurationList;
			buildConfigurations = (
				76A92FB61C28828E002A26D0 /* Debug */,
				76A92FB71C28828E002A26D0 /* Release */,
			);
			defaultConfigurationIsVisible = 0;
			defaultConfigurationName = Release;
		};
		76A92FB81C28828E002A26D0 /* Build configuration list for PBXNativeTarget "Demo" */ = {
			isa = XCConfigurationList;
			buildConfigurations = (
				76A92FB91C28828E002A26D0 /* Debug */,
				76A92FBA1C28828E002A26D0 /* Release */,
			);
			defaultConfigurationIsVisible = 0;
			defaultConfigurationName = Release;
		};
		76A92FBB1C28828E002A26D0 /* Build configuration list for PBXNativeTarget "DemoTests" */ = {
			isa = XCConfigurationList;
			buildConfigurations = (
				76A92FBC1C28828E002A26D0 /* Debug */,
				76A92FBD1C28828E002A26D0 /* Release */,
			);
			defaultConfigurationIsVisible = 0;
			defaultConfigurationName = Release;
		};
/* End XCConfigurationList section */
	};
	rootObject = 76A92F931C28828E002A26D0 /* Project object */;
}
